
Microsoft Visual Studio Solution File, Format Version 12.00
# Visual Studio 15
Project("{FAE04EC0-301F-11D3-BF4B-00C04F79EFBC}") = "PurchaseTracker", "PurchaseTracker.csproj", "{CFA7BA4E-0878-43E8-A2EB-7E5E8F9A93B8}"
EndProject
Global
	GlobalSection(SolutionConfigurationPlatforms) = preSolution
		Debug|Any CPU = Debug|Any CPU
		Release|Any CPU = Release|Any CPU
	EndGlobalSection
	GlobalSection(ProjectConfigurationPlatforms) = postSolution
		{CFA7BA4E-0878-43E8-A2EB-7E5E8F9A93B8}.Debug|Any CPU.ActiveCfg = Debug|Any CPU
		{CFA7BA4E-0878-43E8-A2EB-7E5E8F9A93B8}.Debug|Any CPU.Build.0 = Debug|Any CPU
		{CFA7BA4E-0878-43E8-A2EB-7E5E8F9A93B8}.Release|Any CPU.ActiveCfg = Release|Any CPU
		{CFA7BA4E-0878-43E8-A2EB-7E5E8F9A93B8}.Release|Any CPU.Build.0 = Release|Any CPU
	EndGlobalSection
EndGlobal
